
Microsoft Visual Studio Solution File, Format Version 12.00
# Visual Studio 15
VisualStudioVersion = 15.0.27130.2036
MinimumVisualStudioVersion = 10.0.40219.1
Project("{FAE04EC0-301F-11D3-BF4B-00C04F79EFBC}") = "A HIDEO KOJIMA GAME METAL GEAR SOLID 0.5", "A HIDEO KOJIMA GAME METAL GEAR SOLID 0.5\A HIDEO KOJIMA GAME METAL GEAR SOLID 0.5.csproj", "{BAA36892-DD10-4D9C-B3A2-6114D32EBFA0}"
EndProject
Global
	GlobalSection(SolutionConfigurationPlatforms) = preSolution
		Debug|Any CPU = Debug|Any CPU
		Release|Any CPU = Release|Any CPU
	EndGlobalSection
	GlobalSection(ProjectConfigurationPlatforms) = postSolution
		{BAA36892-DD10-4D9C-B3A2-6114D32EBFA0}.Debug|Any CPU.ActiveCfg = Debug|Any CPU
		{BAA36892-DD10-4D9C-B3A2-6114D32EBFA0}.Debug|Any CPU.Build.0 = Debug|Any CPU
		{BAA36892-DD10-4D9C-B3A2-6114D32EBFA0}.Release|Any CPU.ActiveCfg = Release|Any CPU
		{BAA36892-DD10-4D9C-B3A2-6114D32EBFA0}.Release|Any CPU.Build.0 = Release|Any CPU
	EndGlobalSection
	GlobalSection(SolutionProperties) = preSolution
		HideSolutionNode = FALSE
	EndGlobalSection
	GlobalSection(ExtensibilityGlobals) = postSolution
		SolutionGuid = {2ACDEB3B-DC86-4055-B5DE-0197ED084CD4}
	EndGlobalSection
EndGlobal
