
Microsoft Visual Studio Solution File, Format Version 12.00
# Visual Studio 14
VisualStudioVersion = 14.0.25420.1
MinimumVisualStudioVersion = 10.0.40219.1
Project("{FAE04EC0-301F-11D3-BF4B-00C04F79EFBC}") = "CanQueenResemble", "CanQueenResemble\CanQueenResemble.csproj", "{711FE9FC-3E0D-4992-9685-BEEEEEF5FD7A}"
EndProject
Global
	GlobalSection(SolutionConfigurationPlatforms) = preSolution
		Debug|Any CPU = Debug|Any CPU
		Release|Any CPU = Release|Any CPU
	EndGlobalSection
	GlobalSection(ProjectConfigurationPlatforms) = postSolution
		{711FE9FC-3E0D-4992-9685-BEEEEEF5FD7A}.Debug|Any CPU.ActiveCfg = Debug|Any CPU
		{711FE9FC-3E0D-4992-9685-BEEEEEF5FD7A}.Debug|Any CPU.Build.0 = Debug|Any CPU
		{711FE9FC-3E0D-4992-9685-BEEEEEF5FD7A}.Release|Any CPU.ActiveCfg = Release|Any CPU
		{711FE9FC-3E0D-4992-9685-BEEEEEF5FD7A}.Release|Any CPU.Build.0 = Release|Any CPU
	EndGlobalSection
	GlobalSection(SolutionProperties) = preSolution
		HideSolutionNode = FALSE
	EndGlobalSection
EndGlobal
