
Microsoft Visual Studio Solution File, Format Version 12.00
# Visual Studio 14
VisualStudioVersion = 14.0.25420.1
MinimumVisualStudioVersion = 10.0.40219.1
Project("{FAE04EC0-301F-11D3-BF4B-00C04F79EFBC}") = "AlgStr2Pavliuk", "AlgStr2Pavliuk\AlgStr2Pavliuk.csproj", "{E858F168-B788-46D6-BD21-4EBE7E0C359D}"
EndProject
Global
	GlobalSection(SolutionConfigurationPlatforms) = preSolution
		Debug|Any CPU = Debug|Any CPU
		Release|Any CPU = Release|Any CPU
	EndGlobalSection
	GlobalSection(ProjectConfigurationPlatforms) = postSolution
		{E858F168-B788-46D6-BD21-4EBE7E0C359D}.Debug|Any CPU.ActiveCfg = Debug|Any CPU
		{E858F168-B788-46D6-BD21-4EBE7E0C359D}.Debug|Any CPU.Build.0 = Debug|Any CPU
		{E858F168-B788-46D6-BD21-4EBE7E0C359D}.Release|Any CPU.ActiveCfg = Release|Any CPU
		{E858F168-B788-46D6-BD21-4EBE7E0C359D}.Release|Any CPU.Build.0 = Release|Any CPU
	EndGlobalSection
	GlobalSection(SolutionProperties) = preSolution
		HideSolutionNode = FALSE
	EndGlobalSection
EndGlobal
