
Microsoft Visual Studio Solution File, Format Version 12.00
# Visual Studio 14
VisualStudioVersion = 14.0.25420.1
MinimumVisualStudioVersion = 10.0.40219.1
Project("{FAE04EC0-301F-11D3-BF4B-00C04F79EFBC}") = "kas_cg_lab_1", "kas_cg_lab_1\kas_cg_lab_1.csproj", "{678E0540-6027-4CFD-ADCA-82366DB87F87}"
EndProject
Global
	GlobalSection(SolutionConfigurationPlatforms) = preSolution
		Debug|Any CPU = Debug|Any CPU
		Release|Any CPU = Release|Any CPU
	EndGlobalSection
	GlobalSection(ProjectConfigurationPlatforms) = postSolution
		{678E0540-6027-4CFD-ADCA-82366DB87F87}.Debug|Any CPU.ActiveCfg = Debug|Any CPU
		{678E0540-6027-4CFD-ADCA-82366DB87F87}.Debug|Any CPU.Build.0 = Debug|Any CPU
		{678E0540-6027-4CFD-ADCA-82366DB87F87}.Release|Any CPU.ActiveCfg = Release|Any CPU
		{678E0540-6027-4CFD-ADCA-82366DB87F87}.Release|Any CPU.Build.0 = Release|Any CPU
	EndGlobalSection
	GlobalSection(SolutionProperties) = preSolution
		HideSolutionNode = FALSE
	EndGlobalSection
EndGlobal
