
Microsoft Visual Studio Solution File, Format Version 12.00
# Visual Studio 15
VisualStudioVersion = 15.0.28307.136
MinimumVisualStudioVersion = 10.0.40219.1
Project("{9A19103F-16F7-4668-BE54-9A1E7A4F7556}") = "TimeRepresentation", "InteractingClasses\TimeRepresentation.csproj", "{8086B5D4-6841-4157-B738-AD2A1562E0E5}"
EndProject
Project("{9A19103F-16F7-4668-BE54-9A1E7A4F7556}") = "AbonentSystem", "AbonentSystem\AbonentSystem.csproj", "{35FDD090-2915-417E-A4DB-C42C232CBEF1}"
EndProject
Project("{9A19103F-16F7-4668-BE54-9A1E7A4F7556}") = "AutobaseSystem", "AutobaseSystem\AutobaseSystem.csproj", "{5EB0DA5E-9789-423C-97E9-E09B31256B50}"
EndProject
Project("{FAE04EC0-301F-11D3-BF4B-00C04F79EFBC}") = "WebShopSystem", "IntertenShopSystem\WebShopSystem.csproj", "{0E10CEB1-89BE-49B0-A3F6-AC769F1177A7}"
EndProject
Global
	GlobalSection(SolutionConfigurationPlatforms) = preSolution
		Debug|Any CPU = Debug|Any CPU
		Release|Any CPU = Release|Any CPU
	EndGlobalSection
	GlobalSection(ProjectConfigurationPlatforms) = postSolution
		{8086B5D4-6841-4157-B738-AD2A1562E0E5}.Debug|Any CPU.ActiveCfg = Debug|Any CPU
		{8086B5D4-6841-4157-B738-AD2A1562E0E5}.Debug|Any CPU.Build.0 = Debug|Any CPU
		{8086B5D4-6841-4157-B738-AD2A1562E0E5}.Release|Any CPU.ActiveCfg = Release|Any CPU
		{8086B5D4-6841-4157-B738-AD2A1562E0E5}.Release|Any CPU.Build.0 = Release|Any CPU
		{35FDD090-2915-417E-A4DB-C42C232CBEF1}.Debug|Any CPU.ActiveCfg = Debug|Any CPU
		{35FDD090-2915-417E-A4DB-C42C232CBEF1}.Debug|Any CPU.Build.0 = Debug|Any CPU
		{35FDD090-2915-417E-A4DB-C42C232CBEF1}.Release|Any CPU.ActiveCfg = Release|Any CPU
		{35FDD090-2915-417E-A4DB-C42C232CBEF1}.Release|Any CPU.Build.0 = Release|Any CPU
		{5EB0DA5E-9789-423C-97E9-E09B31256B50}.Debug|Any CPU.ActiveCfg = Debug|Any CPU
		{5EB0DA5E-9789-423C-97E9-E09B31256B50}.Debug|Any CPU.Build.0 = Debug|Any CPU
		{5EB0DA5E-9789-423C-97E9-E09B31256B50}.Release|Any CPU.ActiveCfg = Release|Any CPU
		{5EB0DA5E-9789-423C-97E9-E09B31256B50}.Release|Any CPU.Build.0 = Release|Any CPU
		{0E10CEB1-89BE-49B0-A3F6-AC769F1177A7}.Debug|Any CPU.ActiveCfg = Debug|Any CPU
		{0E10CEB1-89BE-49B0-A3F6-AC769F1177A7}.Debug|Any CPU.Build.0 = Debug|Any CPU
		{0E10CEB1-89BE-49B0-A3F6-AC769F1177A7}.Release|Any CPU.ActiveCfg = Release|Any CPU
		{0E10CEB1-89BE-49B0-A3F6-AC769F1177A7}.Release|Any CPU.Build.0 = Release|Any CPU
	EndGlobalSection
	GlobalSection(SolutionProperties) = preSolution
		HideSolutionNode = FALSE
	EndGlobalSection
	GlobalSection(ExtensibilityGlobals) = postSolution
		SolutionGuid = {0CB0F932-4EE9-4125-A45A-67B5D6D3A749}
	EndGlobalSection
EndGlobal
